{
  "name": "msimobsen-music",
  "version": "1.0.0",
  "lockfileVersion": 3,
  "requires": true,
  "packages": {
    "": {
      "name": "msimobsen-music",
      "workspaces": [
        "frontend",
        "backend",
        "msimobsenutility"
      ],
      "devDependencies": {
        "concurrently": "^8.2.2"
      }
    },
    "msimobsenutility": {
      "version": "1.0.0"
    }
  }
}
