# THIS IS AN AUTO-GENERATED LOCKFILE
# It is recommended you run `yarn install` locally and replace this file with a real yarn.lock.

msimobsenutility@latest:
  version "<placeholder>-latest"
  resolved "https://registry.yarnpkg.com/msimobsenutility/-/msimobsenutility.tgz"
  integrity sha512-<placeholder>

concurrently@latest:
  version "<placeholder>-latest"
  resolved "https://registry.yarnpkg.com/concurrently/-/concurrently.tgz"
  integrity sha512-<placeholder>

# End of placeholder lockfile
